PODS:
  - JTAppleCalendar (7.1.6)
  - SQLite.swift (0.11.5):
    - SQLite.swift/standard (= 0.11.5)
  - SQLite.swift/standard (0.11.5)

DEPENDENCIES:
  - JTAppleCalendar (= 7.1.6)
  - SQLite.swift (= 0.11.5)

SPEC REPOS:
  https://github.com/CocoaPods/Specs.git:
    - JTAppleCalendar
    - SQLite.swift

SPEC CHECKSUMS:
  JTAppleCalendar: abb30678f42a4ef8a340a932b1dcb8c85a33dac2
  SQLite.swift: 6e5356850bb1791459f8c16d6ee9195b28714a2e

PODFILE CHECKSUM: cefc9243d3dff6c5086d955a7d0f463de36efd00

COCOAPODS: 1.8.4
