// !$*UTF8*$!
{
	archiveVersion = 1;
	classes = {
	};
	objectVersion = 51;
	objects = {

/* Begin PBXBuildFile section */
		0503A39F22B50B80001D3347 /* MarsPhotosCollectionViewCell.swift in Sources */ = {isa = PBXBuildFile; fileRef = 0503A39E22B50B80001D3347 /* MarsPhotosCollectionViewCell.swift */; };
		050601D222A43EEA00EE760C /* DateFactoryImpl.swift in Sources */ = {isa = PBXBuildFile; fileRef = 050601D122A43EEA00EE760C /* DateFactoryImpl.swift */; };
		050601D522A662C200EE760C /* DateParserImpl.swift in Sources */ = {isa = PBXBuildFile; fileRef = 050601D422A662C200EE760C /* DateParserImpl.swift */; };
		050601D922A6636D00EE760C /* URLComponentsProviderImpl.swift in Sources */ = {isa = PBXBuildFile; fileRef = 050601D822A6636D00EE760C /* URLComponentsProviderImpl.swift */; };
		050601DE22A6649500EE760C /* DataDownloadService.swift in Sources */ = {isa = PBXBuildFile; fileRef = 050601DD22A6649500EE760C /* DataDownloadService.swift */; };
		050601E022A664E400EE760C /* NASADownloadService.swift in Sources */ = {isa = PBXBuildFile; fileRef = 050601DF22A664E400EE760C /* NASADownloadService.swift */; };
		050601E722A84A0900EE760C /* JSONSerializer.swift in Sources */ = {isa = PBXBuildFile; fileRef = 050601E622A84A0900EE760C /* JSONSerializer.swift */; };
		050601E922A84B3D00EE760C /* Serializer.swift in Sources */ = {isa = PBXBuildFile; fileRef = 050601E822A84B3D00EE760C /* Serializer.swift */; };
		051819F622A92FFA009DD6BF /* MarsPhotosRoot.swift in Sources */ = {isa = PBXBuildFile; fileRef = 051819F522A92FFA009DD6BF /* MarsPhotosRoot.swift */; };
		051819F822A9303D009DD6BF /* Photo.swift in Sources */ = {isa = PBXBuildFile; fileRef = 051819F722A9303D009DD6BF /* Photo.swift */; };
		051819FA22A93064009DD6BF /* PhotoCamera.swift in Sources */ = {isa = PBXBuildFile; fileRef = 051819F922A93064009DD6BF /* PhotoCamera.swift */; };
		051819FC22A930A5009DD6BF /* Rover.swift in Sources */ = {isa = PBXBuildFile; fileRef = 051819FB22A930A5009DD6BF /* Rover.swift */; };
		051819FE22A930E0009DD6BF /* CameraElement.swift in Sources */ = {isa = PBXBuildFile; fileRef = 051819FD22A930E0009DD6BF /* CameraElement.swift */; };
		05181A0422A95205009DD6BF /* ClosestAsteroidsRoot.swift in Sources */ = {isa = PBXBuildFile; fileRef = 05181A0322A95205009DD6BF /* ClosestAsteroidsRoot.swift */; };
		05181A0622A95237009DD6BF /* ClosestAsteroidsLinks.swift in Sources */ = {isa = PBXBuildFile; fileRef = 05181A0522A95237009DD6BF /* ClosestAsteroidsLinks.swift */; };
		05181A0822A95276009DD6BF /* NearEarthObject.swift in Sources */ = {isa = PBXBuildFile; fileRef = 05181A0722A95276009DD6BF /* NearEarthObject.swift */; };
		05181A0A22A952BD009DD6BF /* CloseApproachDatum.swift in Sources */ = {isa = PBXBuildFile; fileRef = 05181A0922A952BD009DD6BF /* CloseApproachDatum.swift */; };
		05181A0C22A952E1009DD6BF /* MissDistance.swift in Sources */ = {isa = PBXBuildFile; fileRef = 05181A0B22A952E1009DD6BF /* MissDistance.swift */; };
		05181A0E22A95317009DD6BF /* OrbitingBody.swift in Sources */ = {isa = PBXBuildFile; fileRef = 05181A0D22A95317009DD6BF /* OrbitingBody.swift */; };
		05181A1022A9533D009DD6BF /* RelativeVelocity.swift in Sources */ = {isa = PBXBuildFile; fileRef = 05181A0F22A9533D009DD6BF /* RelativeVelocity.swift */; };
		05181A1222A9536F009DD6BF /* EstimatedDiameter.swift in Sources */ = {isa = PBXBuildFile; fileRef = 05181A1122A9536F009DD6BF /* EstimatedDiameter.swift */; };
		05181A1422A9539B009DD6BF /* Feet.swift in Sources */ = {isa = PBXBuildFile; fileRef = 05181A1322A9539B009DD6BF /* Feet.swift */; };
		05181A1622A953C8009DD6BF /* NearEarthObjectLinks.swift in Sources */ = {isa = PBXBuildFile; fileRef = 05181A1522A953C8009DD6BF /* NearEarthObjectLinks.swift */; };
		05181A1A22AA8030009DD6BF /* URLQueryItemProviderImpl.swift in Sources */ = {isa = PBXBuildFile; fileRef = 05181A1922AA8030009DD6BF /* URLQueryItemProviderImpl.swift */; };
		05181A1C22AA8308009DD6BF /* QueryType.swift in Sources */ = {isa = PBXBuildFile; fileRef = 05181A1B22AA8308009DD6BF /* QueryType.swift */; };
		05181A2022AA8A85009DD6BF /* URLComponentsValidatorImpl.swift in Sources */ = {isa = PBXBuildFile; fileRef = 05181A1F22AA8A85009DD6BF /* URLComponentsValidatorImpl.swift */; };
		05181A2322AA8C6A009DD6BF /* DateParserValidatorImpl.swift in Sources */ = {isa = PBXBuildFile; fileRef = 05181A2222AA8C6A009DD6BF /* DateParserValidatorImpl.swift */; };
		05181A2522AA8D3C009DD6BF /* DateValidatorImpl.swift in Sources */ = {isa = PBXBuildFile; fileRef = 05181A2422AA8D3C009DD6BF /* DateValidatorImpl.swift */; };
		05181A2722ABBD0F009DD6BF /* URLComponentsValidator.swift in Sources */ = {isa = PBXBuildFile; fileRef = 05181A2622ABBD0F009DD6BF /* URLComponentsValidator.swift */; };
		05181A2922ABBF46009DD6BF /* URLComponentsProvider.swift in Sources */ = {isa = PBXBuildFile; fileRef = 05181A2822ABBF46009DD6BF /* URLComponentsProvider.swift */; };
		05181A2B22ABBFE4009DD6BF /* URLQueryItemProvider.swift in Sources */ = {isa = PBXBuildFile; fileRef = 05181A2A22ABBFE4009DD6BF /* URLQueryItemProvider.swift */; };
		05181A2D22ABC0B2009DD6BF /* DateParserValidator.swift in Sources */ = {isa = PBXBuildFile; fileRef = 05181A2C22ABC0B2009DD6BF /* DateParserValidator.swift */; };
		05181A2F22ABC107009DD6BF /* DateValidator.swift in Sources */ = {isa = PBXBuildFile; fileRef = 05181A2E22ABC107009DD6BF /* DateValidator.swift */; };
		05181A3122ABC151009DD6BF /* URLFactory.swift in Sources */ = {isa = PBXBuildFile; fileRef = 05181A3022ABC151009DD6BF /* URLFactory.swift */; };
		05181A3322ABC511009DD6BF /* URLValidator.swift in Sources */ = {isa = PBXBuildFile; fileRef = 05181A3222ABC511009DD6BF /* URLValidator.swift */; };
		05181A3522ABC541009DD6BF /* URLValidatorImpl.swift in Sources */ = {isa = PBXBuildFile; fileRef = 05181A3422ABC541009DD6BF /* URLValidatorImpl.swift */; };
		05181A3722ABC7A5009DD6BF /* DateFactory.swift in Sources */ = {isa = PBXBuildFile; fileRef = 05181A3622ABC7A5009DD6BF /* DateFactory.swift */; };
		05181A3922ABC8EE009DD6BF /* DateParser.swift in Sources */ = {isa = PBXBuildFile; fileRef = 05181A3822ABC8EE009DD6BF /* DateParser.swift */; };
		05181A3B22ABCAF0009DD6BF /* EntityValidator.swift in Sources */ = {isa = PBXBuildFile; fileRef = 05181A3A22ABCAF0009DD6BF /* EntityValidator.swift */; };
		05181A3D22ABCB2B009DD6BF /* EntityValidatorImpl.swift in Sources */ = {isa = PBXBuildFile; fileRef = 05181A3C22ABCB2B009DD6BF /* EntityValidatorImpl.swift */; };
		05181A3F22ABCC49009DD6BF /* URLSessionValidator.swift in Sources */ = {isa = PBXBuildFile; fileRef = 05181A3E22ABCC49009DD6BF /* URLSessionValidator.swift */; };
		05181A4122ABCCE0009DD6BF /* URLSessionValidatorImpl.swift in Sources */ = {isa = PBXBuildFile; fileRef = 05181A4022ABCCE0009DD6BF /* URLSessionValidatorImpl.swift */; };
		05181A4322ABEE81009DD6BF /* PictureOfTheDayViewContoller.swift in Sources */ = {isa = PBXBuildFile; fileRef = 05181A4222ABEE81009DD6BF /* PictureOfTheDayViewContoller.swift */; };
		05181A4522ABEEA0009DD6BF /* MarsPhotosCollectionViewController.swift in Sources */ = {isa = PBXBuildFile; fileRef = 05181A4422ABEEA0009DD6BF /* MarsPhotosCollectionViewController.swift */; };
		05181A4722ABEECE009DD6BF /* TableViewController.swift in Sources */ = {isa = PBXBuildFile; fileRef = 05181A4622ABEECE009DD6BF /* TableViewController.swift */; };
		05181A4B22AC0740009DD6BF /* MainScreenViewController.swift in Sources */ = {isa = PBXBuildFile; fileRef = 05181A4A22AC0740009DD6BF /* MainScreenViewController.swift */; };
		05181A4D22AC0CFF009DD6BF /* PictureOfTheDayFirstViewPage.swift in Sources */ = {isa = PBXBuildFile; fileRef = 05181A4C22AC0CFF009DD6BF /* PictureOfTheDayFirstViewPage.swift */; };
		05181A4F22AC0D0E009DD6BF /* PictureOfTheDaySecondViewPage.swift in Sources */ = {isa = PBXBuildFile; fileRef = 05181A4E22AC0D0E009DD6BF /* PictureOfTheDaySecondViewPage.swift */; };
		05181A5322AC2A3F009DD6BF /* SearchDatePopover.swift in Sources */ = {isa = PBXBuildFile; fileRef = 05181A5222AC2A3F009DD6BF /* SearchDatePopover.swift */; };
		05414B8622B0FA9000307903 /* UIViewControllerFactory.swift in Sources */ = {isa = PBXBuildFile; fileRef = 05414B8522B0FA9000307903 /* UIViewControllerFactory.swift */; };
		05414B8822B0FAE200307903 /* UIViewControllerFactoryImpl.swift in Sources */ = {isa = PBXBuildFile; fileRef = 05414B8722B0FAE200307903 /* UIViewControllerFactoryImpl.swift */; };
		05414B8A22B0FC3A00307903 /* UIViewControllerValidator.swift in Sources */ = {isa = PBXBuildFile; fileRef = 05414B8922B0FC3A00307903 /* UIViewControllerValidator.swift */; };
		05414B8C22B0FD1700307903 /* UIViewControllerValidatorImpl.swift in Sources */ = {isa = PBXBuildFile; fileRef = 05414B8B22B0FD1700307903 /* UIViewControllerValidatorImpl.swift */; };
		05414B9322B1063C00307903 /* ImageDownloadService.swift in Sources */ = {isa = PBXBuildFile; fileRef = 05414B9222B1063C00307903 /* ImageDownloadService.swift */; };
		05414B9522B1069100307903 /* ImageDownloadServiceImpl.swift in Sources */ = {isa = PBXBuildFile; fileRef = 05414B9422B1069100307903 /* ImageDownloadServiceImpl.swift */; };
		056A3AEF22AD1BC800F60225 /* DateCell.swift in Sources */ = {isa = PBXBuildFile; fileRef = 056A3AEE22AD1BC800F60225 /* DateCell.swift */; };
		056A3AF122AD3D4800F60225 /* DateHeader.swift in Sources */ = {isa = PBXBuildFile; fileRef = 056A3AF022AD3D4800F60225 /* DateHeader.swift */; };
		056A3AF522AF055300F60225 /* NotificationExt.swift in Sources */ = {isa = PBXBuildFile; fileRef = 056A3AF422AF055300F60225 /* NotificationExt.swift */; };
		056A3AF722AF0BDB00F60225 /* PopoverAdaptation.swift in Sources */ = {isa = PBXBuildFile; fileRef = 056A3AF622AF0BDB00F60225 /* PopoverAdaptation.swift */; };
		056A3AF922AF0CA700F60225 /* PictureOfTheDayViewControllerPaging.swift in Sources */ = {isa = PBXBuildFile; fileRef = 056A3AF822AF0CA700F60225 /* PictureOfTheDayViewControllerPaging.swift */; };
		056A3AFE22AF123F00F60225 /* JTAppleCalendarConfigurator.swift in Sources */ = {isa = PBXBuildFile; fileRef = 056A3AFD22AF123F00F60225 /* JTAppleCalendarConfigurator.swift */; };
		056A3B0022AF12C200F60225 /* JTAppleCalendarViewDelegateExt.swift in Sources */ = {isa = PBXBuildFile; fileRef = 056A3AFF22AF12C200F60225 /* JTAppleCalendarViewDelegateExt.swift */; };
		0577A90622A3254600870FED /* PictureOfTheDay.swift in Sources */ = {isa = PBXBuildFile; fileRef = 0577A90522A3254600870FED /* PictureOfTheDay.swift */; };
		0577A90922A327E200870FED /* URLFactoryImpl.swift in Sources */ = {isa = PBXBuildFile; fileRef = 0577A90822A327E200870FED /* URLFactoryImpl.swift */; };
		05A55E7222B5524700224354 /* MarsPhoto.swift in Sources */ = {isa = PBXBuildFile; fileRef = 05A55E7122B5524700224354 /* MarsPhoto.swift */; };
		05D8201C22A29CEB000E0CB7 /* AppDelegate.swift in Sources */ = {isa = PBXBuildFile; fileRef = 05D8201B22A29CEB000E0CB7 /* AppDelegate.swift */; };
		05D8201E22A29CEB000E0CB7 /* ViewController.swift in Sources */ = {isa = PBXBuildFile; fileRef = 05D8201D22A29CEB000E0CB7 /* ViewController.swift */; };
		05D8202122A29CEB000E0CB7 /* Main.storyboard in Resources */ = {isa = PBXBuildFile; fileRef = 05D8201F22A29CEB000E0CB7 /* Main.storyboard */; };
		05D8202322A29CEC000E0CB7 /* Assets.xcassets in Resources */ = {isa = PBXBuildFile; fileRef = 05D8202222A29CEC000E0CB7 /* Assets.xcassets */; };
		05D8202622A29CEC000E0CB7 /* LaunchScreen.storyboard in Resources */ = {isa = PBXBuildFile; fileRef = 05D8202422A29CEC000E0CB7 /* LaunchScreen.storyboard */; };
		05D8203122A29CEC000E0CB7 /* asteroidsTests.swift in Sources */ = {isa = PBXBuildFile; fileRef = 05D8203022A29CEC000E0CB7 /* asteroidsTests.swift */; };
		921D495B064AF286C9CCEC90 /* Pods_asteroidsTests.framework in Frameworks */ = {isa = PBXBuildFile; fileRef = 8B4CD399E937742AFFD0F2B8 /* Pods_asteroidsTests.framework */; };
		F502680CBFCDD73ED4854768 /* Pods_asteroids.framework in Frameworks */ = {isa = PBXBuildFile; fileRef = A4C84C72E2C0B8DBEB0E68B3 /* Pods_asteroids.framework */; };
/* End PBXBuildFile section */

/* Begin PBXContainerItemProxy section */
		05D8202D22A29CEC000E0CB7 /* PBXContainerItemProxy */ = {
			isa = PBXContainerItemProxy;
			containerPortal = 05D8201022A29CEB000E0CB7 /* Project object */;
			proxyType = 1;
			remoteGlobalIDString = 05D8201722A29CEB000E0CB7;
			remoteInfo = asteroids;
		};
/* End PBXContainerItemProxy section */

/* Begin PBXFileReference section */
		0503A39E22B50B80001D3347 /* MarsPhotosCollectionViewCell.swift */ = {isa = PBXFileReference; lastKnownFileType = sourcecode.swift; path = MarsPhotosCollectionViewCell.swift; sourceTree = "<group>"; };
		050601D122A43EEA00EE760C /* DateFactoryImpl.swift */ = {isa = PBXFileReference; lastKnownFileType = sourcecode.swift; path = DateFactoryImpl.swift; sourceTree = "<group>"; };
		050601D422A662C200EE760C /* DateParserImpl.swift */ = {isa = PBXFileReference; lastKnownFileType = sourcecode.swift; path = DateParserImpl.swift; sourceTree = "<group>"; };
		050601D822A6636D00EE760C /* URLComponentsProviderImpl.swift */ = {isa = PBXFileReference; lastKnownFileType = sourcecode.swift; path = URLComponentsProviderImpl.swift; sourceTree = "<group>"; };
		050601DD22A6649500EE760C /* DataDownloadService.swift */ = {isa = PBXFileReference; lastKnownFileType = sourcecode.swift; path = DataDownloadService.swift; sourceTree = "<group>"; };
		050601DF22A664E400EE760C /* NASADownloadService.swift */ = {isa = PBXFileReference; lastKnownFileType = sourcecode.swift; path = NASADownloadService.swift; sourceTree = "<group>"; };
		050601E622A84A0900EE760C /* JSONSerializer.swift */ = {isa = PBXFileReference; lastKnownFileType = sourcecode.swift; path = JSONSerializer.swift; sourceTree = "<group>"; };
		050601E822A84B3D00EE760C /* Serializer.swift */ = {isa = PBXFileReference; lastKnownFileType = sourcecode.swift; path = Serializer.swift; sourceTree = "<group>"; };
		051819F522A92FFA009DD6BF /* MarsPhotosRoot.swift */ = {isa = PBXFileReference; lastKnownFileType = sourcecode.swift; path = MarsPhotosRoot.swift; sourceTree = "<group>"; };
		051819F722A9303D009DD6BF /* Photo.swift */ = {isa = PBXFileReference; lastKnownFileType = sourcecode.swift; path = Photo.swift; sourceTree = "<group>"; };
		051819F922A93064009DD6BF /* PhotoCamera.swift */ = {isa = PBXFileReference; lastKnownFileType = sourcecode.swift; path = PhotoCamera.swift; sourceTree = "<group>"; };
		051819FB22A930A5009DD6BF /* Rover.swift */ = {isa = PBXFileReference; lastKnownFileType = sourcecode.swift; path = Rover.swift; sourceTree = "<group>"; };
		051819FD22A930E0009DD6BF /* CameraElement.swift */ = {isa = PBXFileReference; lastKnownFileType = sourcecode.swift; path = CameraElement.swift; sourceTree = "<group>"; };
		05181A0322A95205009DD6BF /* ClosestAsteroidsRoot.swift */ = {isa = PBXFileReference; lastKnownFileType = sourcecode.swift; path = ClosestAsteroidsRoot.swift; sourceTree = "<group>"; };
		05181A0522A95237009DD6BF /* ClosestAsteroidsLinks.swift */ = {isa = PBXFileReference; lastKnownFileType = sourcecode.swift; path = ClosestAsteroidsLinks.swift; sourceTree = "<group>"; };
		05181A0722A95276009DD6BF /* NearEarthObject.swift */ = {isa = PBXFileReference; lastKnownFileType = sourcecode.swift; path = NearEarthObject.swift; sourceTree = "<group>"; };
		05181A0922A952BD009DD6BF /* CloseApproachDatum.swift */ = {isa = PBXFileReference; lastKnownFileType = sourcecode.swift; path = CloseApproachDatum.swift; sourceTree = "<group>"; };
		05181A0B22A952E1009DD6BF /* MissDistance.swift */ = {isa = PBXFileReference; lastKnownFileType = sourcecode.swift; path = MissDistance.swift; sourceTree = "<group>"; };
		05181A0D22A95317009DD6BF /* OrbitingBody.swift */ = {isa = PBXFileReference; lastKnownFileType = sourcecode.swift; path = OrbitingBody.swift; sourceTree = "<group>"; };
		05181A0F22A9533D009DD6BF /* RelativeVelocity.swift */ = {isa = PBXFileReference; lastKnownFileType = sourcecode.swift; path = RelativeVelocity.swift; sourceTree = "<group>"; };
		05181A1122A9536F009DD6BF /* EstimatedDiameter.swift */ = {isa = PBXFileReference; lastKnownFileType = sourcecode.swift; path = EstimatedDiameter.swift; sourceTree = "<group>"; };
		05181A1322A9539B009DD6BF /* Feet.swift */ = {isa = PBXFileReference; lastKnownFileType = sourcecode.swift; path = Feet.swift; sourceTree = "<group>"; };
		05181A1522A953C8009DD6BF /* NearEarthObjectLinks.swift */ = {isa = PBXFileReference; lastKnownFileType = sourcecode.swift; path = NearEarthObjectLinks.swift; sourceTree = "<group>"; };
		05181A1922AA8030009DD6BF /* URLQueryItemProviderImpl.swift */ = {isa = PBXFileReference; lastKnownFileType = sourcecode.swift; path = URLQueryItemProviderImpl.swift; sourceTree = "<group>"; };
		05181A1B22AA8308009DD6BF /* QueryType.swift */ = {isa = PBXFileReference; lastKnownFileType = sourcecode.swift; path = QueryType.swift; sourceTree = "<group>"; };
		05181A1F22AA8A85009DD6BF /* URLComponentsValidatorImpl.swift */ = {isa = PBXFileReference; lastKnownFileType = sourcecode.swift; path = URLComponentsValidatorImpl.swift; sourceTree = "<group>"; };
		05181A2222AA8C6A009DD6BF /* DateParserValidatorImpl.swift */ = {isa = PBXFileReference; lastKnownFileType = sourcecode.swift; path = DateParserValidatorImpl.swift; sourceTree = "<group>"; };
		05181A2422AA8D3C009DD6BF /* DateValidatorImpl.swift */ = {isa = PBXFileReference; lastKnownFileType = sourcecode.swift; path = DateValidatorImpl.swift; sourceTree = "<group>"; };
		05181A2622ABBD0F009DD6BF /* URLComponentsValidator.swift */ = {isa = PBXFileReference; lastKnownFileType = sourcecode.swift; path = URLComponentsValidator.swift; sourceTree = "<group>"; };
		05181A2822ABBF46009DD6BF /* URLComponentsProvider.swift */ = {isa = PBXFileReference; lastKnownFileType = sourcecode.swift; path = URLComponentsProvider.swift; sourceTree = "<group>"; };
		05181A2A22ABBFE4009DD6BF /* URLQueryItemProvider.swift */ = {isa = PBXFileReference; lastKnownFileType = sourcecode.swift; path = URLQueryItemProvider.swift; sourceTree = "<group>"; };
		05181A2C22ABC0B2009DD6BF /* DateParserValidator.swift */ = {isa = PBXFileReference; lastKnownFileType = sourcecode.swift; path = DateParserValidator.swift; sourceTree = "<group>"; };
		05181A2E22ABC107009DD6BF /* DateValidator.swift */ = {isa = PBXFileReference; lastKnownFileType = sourcecode.swift; path = DateValidator.swift; sourceTree = "<group>"; };
		05181A3022ABC151009DD6BF /* URLFactory.swift */ = {isa = PBXFileReference; lastKnownFileType = sourcecode.swift; path = URLFactory.swift; sourceTree = "<group>"; };
		05181A3222ABC511009DD6BF /* URLValidator.swift */ = {isa = PBXFileReference; lastKnownFileType = sourcecode.swift; path = URLValidator.swift; sourceTree = "<group>"; };
		05181A3422ABC541009DD6BF /* URLValidatorImpl.swift */ = {isa = PBXFileReference; lastKnownFileType = sourcecode.swift; path = URLValidatorImpl.swift; sourceTree = "<group>"; };
		05181A3622ABC7A5009DD6BF /* DateFactory.swift */ = {isa = PBXFileReference; lastKnownFileType = sourcecode.swift; path = DateFactory.swift; sourceTree = "<group>"; };
		05181A3822ABC8EE009DD6BF /* DateParser.swift */ = {isa = PBXFileReference; lastKnownFileType = sourcecode.swift; path = DateParser.swift; sourceTree = "<group>"; };
		05181A3A22ABCAF0009DD6BF /* EntityValidator.swift */ = {isa = PBXFileReference; lastKnownFileType = sourcecode.swift; path = EntityValidator.swift; sourceTree = "<group>"; };
		05181A3C22ABCB2B009DD6BF /* EntityValidatorImpl.swift */ = {isa = PBXFileReference; lastKnownFileType = sourcecode.swift; path = EntityValidatorImpl.swift; sourceTree = "<group>"; };
		05181A3E22ABCC49009DD6BF /* URLSessionValidator.swift */ = {isa = PBXFileReference; lastKnownFileType = sourcecode.swift; path = URLSessionValidator.swift; sourceTree = "<group>"; };
		05181A4022ABCCE0009DD6BF /* URLSessionValidatorImpl.swift */ = {isa = PBXFileReference; lastKnownFileType = sourcecode.swift; path = URLSessionValidatorImpl.swift; sourceTree = "<group>"; };
		05181A4222ABEE81009DD6BF /* PictureOfTheDayViewContoller.swift */ = {isa = PBXFileReference; lastKnownFileType = sourcecode.swift; path = PictureOfTheDayViewContoller.swift; sourceTree = "<group>"; };
		05181A4422ABEEA0009DD6BF /* MarsPhotosCollectionViewController.swift */ = {isa = PBXFileReference; lastKnownFileType = sourcecode.swift; path = MarsPhotosCollectionViewController.swift; sourceTree = "<group>"; };
		05181A4622ABEECE009DD6BF /* TableViewController.swift */ = {isa = PBXFileReference; lastKnownFileType = sourcecode.swift; path = TableViewController.swift; sourceTree = "<group>"; };
		05181A4A22AC0740009DD6BF /* MainScreenViewController.swift */ = {isa = PBXFileReference; lastKnownFileType = sourcecode.swift; path = MainScreenViewController.swift; sourceTree = "<group>"; };
		05181A4C22AC0CFF009DD6BF /* PictureOfTheDayFirstViewPage.swift */ = {isa = PBXFileReference; lastKnownFileType = sourcecode.swift; path = PictureOfTheDayFirstViewPage.swift; sourceTree = "<group>"; };
		05181A4E22AC0D0E009DD6BF /* PictureOfTheDaySecondViewPage.swift */ = {isa = PBXFileReference; lastKnownFileType = sourcecode.swift; path = PictureOfTheDaySecondViewPage.swift; sourceTree = "<group>"; };
		05181A5222AC2A3F009DD6BF /* SearchDatePopover.swift */ = {isa = PBXFileReference; lastKnownFileType = sourcecode.swift; path = SearchDatePopover.swift; sourceTree = "<group>"; };
		05414B8522B0FA9000307903 /* UIViewControllerFactory.swift */ = {isa = PBXFileReference; lastKnownFileType = sourcecode.swift; path = UIViewControllerFactory.swift; sourceTree = "<group>"; };
		05414B8722B0FAE200307903 /* UIViewControllerFactoryImpl.swift */ = {isa = PBXFileReference; lastKnownFileType = sourcecode.swift; path = UIViewControllerFactoryImpl.swift; sourceTree = "<group>"; };
		05414B8922B0FC3A00307903 /* UIViewControllerValidator.swift */ = {isa = PBXFileReference; lastKnownFileType = sourcecode.swift; path = UIViewControllerValidator.swift; sourceTree = "<group>"; };
		05414B8B22B0FD1700307903 /* UIViewControllerValidatorImpl.swift */ = {isa = PBXFileReference; lastKnownFileType = sourcecode.swift; path = UIViewControllerValidatorImpl.swift; sourceTree = "<group>"; };
		05414B9222B1063C00307903 /* ImageDownloadService.swift */ = {isa = PBXFileReference; lastKnownFileType = sourcecode.swift; path = ImageDownloadService.swift; sourceTree = "<group>"; };
		05414B9422B1069100307903 /* ImageDownloadServiceImpl.swift */ = {isa = PBXFileReference; lastKnownFileType = sourcecode.swift; path = ImageDownloadServiceImpl.swift; sourceTree = "<group>"; };
		056A3AEE22AD1BC800F60225 /* DateCell.swift */ = {isa = PBXFileReference; lastKnownFileType = sourcecode.swift; path = DateCell.swift; sourceTree = "<group>"; };
		056A3AF022AD3D4800F60225 /* DateHeader.swift */ = {isa = PBXFileReference; lastKnownFileType = sourcecode.swift; path = DateHeader.swift; sourceTree = "<group>"; };
		056A3AF422AF055300F60225 /* NotificationExt.swift */ = {isa = PBXFileReference; lastKnownFileType = sourcecode.swift; path = NotificationExt.swift; sourceTree = "<group>"; };
		056A3AF622AF0BDB00F60225 /* PopoverAdaptation.swift */ = {isa = PBXFileReference; lastKnownFileType = sourcecode.swift; path = PopoverAdaptation.swift; sourceTree = "<group>"; };
		056A3AF822AF0CA700F60225 /* PictureOfTheDayViewControllerPaging.swift */ = {isa = PBXFileReference; lastKnownFileType = sourcecode.swift; path = PictureOfTheDayViewControllerPaging.swift; sourceTree = "<group>"; };
		056A3AFD22AF123F00F60225 /* JTAppleCalendarConfigurator.swift */ = {isa = PBXFileReference; lastKnownFileType = sourcecode.swift; path = JTAppleCalendarConfigurator.swift; sourceTree = "<group>"; };
		056A3AFF22AF12C200F60225 /* JTAppleCalendarViewDelegateExt.swift */ = {isa = PBXFileReference; lastKnownFileType = sourcecode.swift; path = JTAppleCalendarViewDelegateExt.swift; sourceTree = "<group>"; };
		0577A90522A3254600870FED /* PictureOfTheDay.swift */ = {isa = PBXFileReference; lastKnownFileType = sourcecode.swift; path = PictureOfTheDay.swift; sourceTree = "<group>"; };
		0577A90822A327E200870FED /* URLFactoryImpl.swift */ = {isa = PBXFileReference; lastKnownFileType = sourcecode.swift; path = URLFactoryImpl.swift; sourceTree = "<group>"; };
		05A55E7122B5524700224354 /* MarsPhoto.swift */ = {isa = PBXFileReference; lastKnownFileType = sourcecode.swift; path = MarsPhoto.swift; sourceTree = "<group>"; };
		05D8201822A29CEB000E0CB7 /* asteroids.app */ = {isa = PBXFileReference; explicitFileType = wrapper.application; includeInIndex = 0; path = asteroids.app; sourceTree = BUILT_PRODUCTS_DIR; };
		05D8201B22A29CEB000E0CB7 /* AppDelegate.swift */ = {isa = PBXFileReference; lastKnownFileType = sourcecode.swift; path = AppDelegate.swift; sourceTree = "<group>"; };
		05D8201D22A29CEB000E0CB7 /* ViewController.swift */ = {isa = PBXFileReference; lastKnownFileType = sourcecode.swift; path = ViewController.swift; sourceTree = "<group>"; };
		05D8202022A29CEB000E0CB7 /* Base */ = {isa = PBXFileReference; lastKnownFileType = file.storyboard; name = Base; path = Base.lproj/Main.storyboard; sourceTree = "<group>"; };
		05D8202222A29CEC000E0CB7 /* Assets.xcassets */ = {isa = PBXFileReference; lastKnownFileType = folder.assetcatalog; path = Assets.xcassets; sourceTree = "<group>"; };
		05D8202522A29CEC000E0CB7 /* Base */ = {isa = PBXFileReference; lastKnownFileType = file.storyboard; name = Base; path = Base.lproj/LaunchScreen.storyboard; sourceTree = "<group>"; };
		05D8202722A29CEC000E0CB7 /* Info.plist */ = {isa = PBXFileReference; lastKnownFileType = text.plist.xml; path = Info.plist; sourceTree = "<group>"; };
		05D8202C22A29CEC000E0CB7 /* asteroidsTests.xctest */ = {isa = PBXFileReference; explicitFileType = wrapper.cfbundle; includeInIndex = 0; path = asteroidsTests.xctest; sourceTree = BUILT_PRODUCTS_DIR; };
		05D8203022A29CEC000E0CB7 /* asteroidsTests.swift */ = {isa = PBXFileReference; lastKnownFileType = sourcecode.swift; path = asteroidsTests.swift; sourceTree = "<group>"; };
		05D8203222A29CEC000E0CB7 /* Info.plist */ = {isa = PBXFileReference; lastKnownFileType = text.plist.xml; path = Info.plist; sourceTree = "<group>"; };
		29D5F70EBB3D99BF4FE3505A /* Pods-asteroids.release.xcconfig */ = {isa = PBXFileReference; includeInIndex = 1; lastKnownFileType = text.xcconfig; name = "Pods-asteroids.release.xcconfig"; path = "Target Support Files/Pods-asteroids/Pods-asteroids.release.xcconfig"; sourceTree = "<group>"; };
		4B9B6FBD6AE39DC99792F40B /* Pods-asteroids.debug.xcconfig */ = {isa = PBXFileReference; includeInIndex = 1; lastKnownFileType = text.xcconfig; name = "Pods-asteroids.debug.xcconfig"; path = "Target Support Files/Pods-asteroids/Pods-asteroids.debug.xcconfig"; sourceTree = "<group>"; };
		8347D0E05A6FDF476DAB398C /* Pods-asteroidsTests.release.xcconfig */ = {isa = PBXFileReference; includeInIndex = 1; lastKnownFileType = text.xcconfig; name = "Pods-asteroidsTests.release.xcconfig"; path = "Target Support Files/Pods-asteroidsTests/Pods-asteroidsTests.release.xcconfig"; sourceTree = "<group>"; };
		8B4CD399E937742AFFD0F2B8 /* Pods_asteroidsTests.framework */ = {isa = PBXFileReference; explicitFileType = wrapper.framework; includeInIndex = 0; path = Pods_asteroidsTests.framework; sourceTree = BUILT_PRODUCTS_DIR; };
		986F08745848876009993EA0 /* Pods-asteroidsTests.debug.xcconfig */ = {isa = PBXFileReference; includeInIndex = 1; lastKnownFileType = text.xcconfig; name = "Pods-asteroidsTests.debug.xcconfig"; path = "Target Support Files/Pods-asteroidsTests/Pods-asteroidsTests.debug.xcconfig"; sourceTree = "<group>"; };
		A4C84C72E2C0B8DBEB0E68B3 /* Pods_asteroids.framework */ = {isa = PBXFileReference; explicitFileType = wrapper.framework; includeInIndex = 0; path = Pods_asteroids.framework; sourceTree = BUILT_PRODUCTS_DIR; };
/* End PBXFileReference section */

/* Begin PBXFrameworksBuildPhase section */
		05D8201522A29CEB000E0CB7 /* Frameworks */ = {
			isa = PBXFrameworksBuildPhase;
			buildActionMask = 2147483647;
			files = (
				F502680CBFCDD73ED4854768 /* Pods_asteroids.framework in Frameworks */,
			);
			runOnlyForDeploymentPostprocessing = 0;
		};
		05D8202922A29CEC000E0CB7 /* Frameworks */ = {
			isa = PBXFrameworksBuildPhase;
			buildActionMask = 2147483647;
			files = (
				921D495B064AF286C9CCEC90 /* Pods_asteroidsTests.framework in Frameworks */,
			);
			runOnlyForDeploymentPostprocessing = 0;
		};
/* End PBXFrameworksBuildPhase section */

/* Begin PBXGroup section */
		050601D622A662FC00EE760C /* Parsers */ = {
			isa = PBXGroup;
			children = (
				050601D422A662C200EE760C /* DateParserImpl.swift */,
				05181A3822ABC8EE009DD6BF /* DateParser.swift */,
			);
			path = Parsers;
			sourceTree = "<group>";
		};
		050601D722A6635000EE760C /* Providers */ = {
			isa = PBXGroup;
			children = (
				05181A1B22AA8308009DD6BF /* QueryType.swift */,
				050601D822A6636D00EE760C /* URLComponentsProviderImpl.swift */,
				05181A2822ABBF46009DD6BF /* URLComponentsProvider.swift */,
				05181A1922AA8030009DD6BF /* URLQueryItemProviderImpl.swift */,
				05181A2A22ABBFE4009DD6BF /* URLQueryItemProvider.swift */,
			);
			path = Providers;
			sourceTree = "<group>";
		};
		050601DC22A6641600EE760C /* Models */ = {
			isa = PBXGroup;
			children = (
				05181A0222A93AA5009DD6BF /* ClosestAsteroids */,
				05181A0122A93A88009DD6BF /* MarsPhotos */,
				05181A0022A93A7A009DD6BF /* PictureOfTheDay */,
			);
			path = Models;
			sourceTree = "<group>";
		};
		050601E122A6686100EE760C /* DownloadServices */ = {
			isa = PBXGroup;
			children = (
				050601DD22A6649500EE760C /* DataDownloadService.swift */,
				050601DF22A664E400EE760C /* NASADownloadService.swift */,
				05414B9222B1063C00307903 /* ImageDownloadService.swift */,
				05414B9422B1069100307903 /* ImageDownloadServiceImpl.swift */,
			);
			path = DownloadServices;
			sourceTree = "<group>";
		};
		050601E522A849E000EE760C /* Serializers */ = {
			isa = PBXGroup;
			children = (
				050601E622A84A0900EE760C /* JSONSerializer.swift */,
				050601E822A84B3D00EE760C /* Serializer.swift */,
			);
			path = Serializers;
			sourceTree = "<group>";
		};
		05181A0022A93A7A009DD6BF /* PictureOfTheDay */ = {
			isa = PBXGroup;
			children = (
				0577A90522A3254600870FED /* PictureOfTheDay.swift */,
			);
			path = PictureOfTheDay;
			sourceTree = "<group>";
		};
		05181A0122A93A88009DD6BF /* MarsPhotos */ = {
			isa = PBXGroup;
			children = (
				051819F522A92FFA009DD6BF /* MarsPhotosRoot.swift */,
				051819F722A9303D009DD6BF /* Photo.swift */,
				051819F922A93064009DD6BF /* PhotoCamera.swift */,
				051819FB22A930A5009DD6BF /* Rover.swift */,
				051819FD22A930E0009DD6BF /* CameraElement.swift */,
			);
			path = MarsPhotos;
			sourceTree = "<group>";
		};
		05181A0222A93AA5009DD6BF /* ClosestAsteroids */ = {
			isa = PBXGroup;
			children = (
				05181A0322A95205009DD6BF /* ClosestAsteroidsRoot.swift */,
				05181A0522A95237009DD6BF /* ClosestAsteroidsLinks.swift */,
				05181A0722A95276009DD6BF /* NearEarthObject.swift */,
				05181A0922A952BD009DD6BF /* CloseApproachDatum.swift */,
				05181A0B22A952E1009DD6BF /* MissDistance.swift */,
				05181A0D22A95317009DD6BF /* OrbitingBody.swift */,
				05181A0F22A9533D009DD6BF /* RelativeVelocity.swift */,
				05181A1122A9536F009DD6BF /* EstimatedDiameter.swift */,
				05181A1322A9539B009DD6BF /* Feet.swift */,
				05181A1522A953C8009DD6BF /* NearEarthObjectLinks.swift */,
			);
			path = ClosestAsteroids;
			sourceTree = "<group>";
		};
		05181A2122AA8BC2009DD6BF /* Validators */ = {
			isa = PBXGroup;
			children = (
				05414B9122B1040A00307903 /* URL */,
				05414B9022B103F300307903 /* Date */,
				05181A3A22ABCAF0009DD6BF /* EntityValidator.swift */,
				05181A3C22ABCB2B009DD6BF /* EntityValidatorImpl.swift */,
				05414B8922B0FC3A00307903 /* UIViewControllerValidator.swift */,
				05414B8B22B0FD1700307903 /* UIViewControllerValidatorImpl.swift */,
			);
			path = Validators;
			sourceTree = "<group>";
		};
		05414B8D22B1021300307903 /* Popovers */ = {
			isa = PBXGroup;
			children = (
				05414B8F22B1032A00307903 /* Helpers */,
				05181A5222AC2A3F009DD6BF /* SearchDatePopover.swift */,
			);
			path = Popovers;
			sourceTree = "<group>";
		};
		05414B8E22B1024D00307903 /* Pages */ = {
			isa = PBXGroup;
			children = (
				056A3AF822AF0CA700F60225 /* PictureOfTheDayViewControllerPaging.swift */,
				05181A4C22AC0CFF009DD6BF /* PictureOfTheDayFirstViewPage.swift */,
				05181A4E22AC0D0E009DD6BF /* PictureOfTheDaySecondViewPage.swift */,
			);
			name = Pages;
			path = ..;
			sourceTree = "<group>";
		};
		05414B8F22B1032A00307903 /* Helpers */ = {
			isa = PBXGroup;
			children = (
				056A3AFD22AF123F00F60225 /* JTAppleCalendarConfigurator.swift */,
				056A3AFF22AF12C200F60225 /* JTAppleCalendarViewDelegateExt.swift */,
				056A3AF622AF0BDB00F60225 /* PopoverAdaptation.swift */,
				056A3AEE22AD1BC800F60225 /* DateCell.swift */,
				056A3AF022AD3D4800F60225 /* DateHeader.swift */,
			);
			path = Helpers;
			sourceTree = "<group>";
		};
		05414B9022B103F300307903 /* Date */ = {
			isa = PBXGroup;
			children = (
				05181A2C22ABC0B2009DD6BF /* DateParserValidator.swift */,
				05181A2222AA8C6A009DD6BF /* DateParserValidatorImpl.swift */,
				05181A2E22ABC107009DD6BF /* DateValidator.swift */,
				05181A2422AA8D3C009DD6BF /* DateValidatorImpl.swift */,
			);
			path = Date;
			sourceTree = "<group>";
		};
		05414B9122B1040A00307903 /* URL */ = {
			isa = PBXGroup;
			children = (
				05181A2622ABBD0F009DD6BF /* URLComponentsValidator.swift */,
				05181A1F22AA8A85009DD6BF /* URLComponentsValidatorImpl.swift */,
				05181A3222ABC511009DD6BF /* URLValidator.swift */,
				05181A3422ABC541009DD6BF /* URLValidatorImpl.swift */,
				05181A3E22ABCC49009DD6BF /* URLSessionValidator.swift */,
				05181A4022ABCCE0009DD6BF /* URLSessionValidatorImpl.swift */,
			);
			path = URL;
			sourceTree = "<group>";
		};
		056A3AF322AF053300F60225 /* Notifications */ = {
			isa = PBXGroup;
			children = (
				056A3AF422AF055300F60225 /* NotificationExt.swift */,
			);
			path = Notifications;
			sourceTree = "<group>";
		};
		056A3AFB22AF0D7500F60225 /* Controllers */ = {
			isa = PBXGroup;
			children = (
				05181A4222ABEE81009DD6BF /* PictureOfTheDayViewContoller.swift */,
			);
			path = Controllers;
			sourceTree = "<group>";
		};
		0577A91922A4174200870FED /* Factories */ = {
			isa = PBXGroup;
			children = (
				0577A90822A327E200870FED /* URLFactoryImpl.swift */,
				05181A3022ABC151009DD6BF /* URLFactory.swift */,
				050601D122A43EEA00EE760C /* DateFactoryImpl.swift */,
				05181A3622ABC7A5009DD6BF /* DateFactory.swift */,
				05414B8522B0FA9000307903 /* UIViewControllerFactory.swift */,
				05414B8722B0FAE200307903 /* UIViewControllerFactoryImpl.swift */,
			);
			path = Factories;
			sourceTree = "<group>";
		};
		05D8200F22A29CEB000E0CB7 = {
			isa = PBXGroup;
			children = (
				05D8201A22A29CEB000E0CB7 /* asteroids */,
				05D8202F22A29CEC000E0CB7 /* asteroidsTests */,
				05D8201922A29CEB000E0CB7 /* Products */,
				ADBED0EDC1C5A3098D3A7750 /* Pods */,
				F0A7B0825F596880D4F64DF4 /* Frameworks */,
			);
			sourceTree = "<group>";
		};
		05D8201922A29CEB000E0CB7 /* Products */ = {
			isa = PBXGroup;
			children = (
				05D8201822A29CEB000E0CB7 /* asteroids.app */,
				05D8202C22A29CEC000E0CB7 /* asteroidsTests.xctest */,
			);
			name = Products;
			sourceTree = "<group>";
		};
		05D8201A22A29CEB000E0CB7 /* asteroids */ = {
			isa = PBXGroup;
			children = (
				056A3AFB22AF0D7500F60225 /* Controllers */,
				050601E122A6686100EE760C /* DownloadServices */,
				0577A91922A4174200870FED /* Factories */,
				050601DC22A6641600EE760C /* Models */,
				056A3AF322AF053300F60225 /* Notifications */,
				05414B8E22B1024D00307903 /* Pages */,
				050601D622A662FC00EE760C /* Parsers */,
				05414B8D22B1021300307903 /* Popovers */,
				050601D722A6635000EE760C /* Providers */,
				05181A2122AA8BC2009DD6BF /* Validators */,
				050601E522A849E000EE760C /* Serializers */,
				05D8201B22A29CEB000E0CB7 /* AppDelegate.swift */,
				05D8201D22A29CEB000E0CB7 /* ViewController.swift */,
				05D8201F22A29CEB000E0CB7 /* Main.storyboard */,
				05181A4422ABEEA0009DD6BF /* MarsPhotosCollectionViewController.swift */,
				05A55E7122B5524700224354 /* MarsPhoto.swift */,
				0503A39E22B50B80001D3347 /* MarsPhotosCollectionViewCell.swift */,
				05181A4A22AC0740009DD6BF /* MainScreenViewController.swift */,
				05181A4622ABEECE009DD6BF /* TableViewController.swift */,
				05D8202222A29CEC000E0CB7 /* Assets.xcassets */,
				05D8202422A29CEC000E0CB7 /* LaunchScreen.storyboard */,
				05D8202722A29CEC000E0CB7 /* Info.plist */,
			);
			path = asteroids;
			sourceTree = "<group>";
		};
		05D8202F22A29CEC000E0CB7 /* asteroidsTests */ = {
			isa = PBXGroup;
			children = (
				05D8203022A29CEC000E0CB7 /* asteroidsTests.swift */,
				05D8203222A29CEC000E0CB7 /* Info.plist */,
			);
			path = asteroidsTests;
			sourceTree = "<group>";
		};
		ADBED0EDC1C5A3098D3A7750 /* Pods */ = {
			isa = PBXGroup;
			children = (
				4B9B6FBD6AE39DC99792F40B /* Pods-asteroids.debug.xcconfig */,
				29D5F70EBB3D99BF4FE3505A /* Pods-asteroids.release.xcconfig */,
				986F08745848876009993EA0 /* Pods-asteroidsTests.debug.xcconfig */,
				8347D0E05A6FDF476DAB398C /* Pods-asteroidsTests.release.xcconfig */,
			);
			path = Pods;
			sourceTree = "<group>";
		};
		F0A7B0825F596880D4F64DF4 /* Frameworks */ = {
			isa = PBXGroup;
			children = (
				A4C84C72E2C0B8DBEB0E68B3 /* Pods_asteroids.framework */,
				8B4CD399E937742AFFD0F2B8 /* Pods_asteroidsTests.framework */,
			);
			name = Frameworks;
			sourceTree = "<group>";
		};
/* End PBXGroup section */

/* Begin PBXNativeTarget section */
		05D8201722A29CEB000E0CB7 /* asteroids */ = {
			isa = PBXNativeTarget;
			buildConfigurationList = 05D8203522A29CEC000E0CB7 /* Build configuration list for PBXNativeTarget "asteroids" */;
			buildPhases = (
				FBBD8A9B70E4974B7D86A92E /* [CP] Check Pods Manifest.lock */,
				05D8201422A29CEB000E0CB7 /* Sources */,
				05D8201522A29CEB000E0CB7 /* Frameworks */,
				05D8201622A29CEB000E0CB7 /* Resources */,
				A4D99979B86547F65721C39C /* [CP] Embed Pods Frameworks */,
			);
			buildRules = (
			);
			dependencies = (
			);
			name = asteroids;
			productName = asteroids;
			productReference = 05D8201822A29CEB000E0CB7 /* asteroids.app */;
			productType = "com.apple.product-type.application";
		};
		05D8202B22A29CEC000E0CB7 /* asteroidsTests */ = {
			isa = PBXNativeTarget;
			buildConfigurationList = 05D8203822A29CEC000E0CB7 /* Build configuration list for PBXNativeTarget "asteroidsTests" */;
			buildPhases = (
				A266E2961392F71ECF9419B4 /* [CP] Check Pods Manifest.lock */,
				05D8202822A29CEC000E0CB7 /* Sources */,
				05D8202922A29CEC000E0CB7 /* Frameworks */,
				05D8202A22A29CEC000E0CB7 /* Resources */,
			);
			buildRules = (
			);
			dependencies = (
				05D8202E22A29CEC000E0CB7 /* PBXTargetDependency */,
			);
			name = asteroidsTests;
			productName = asteroidsTests;
			productReference = 05D8202C22A29CEC000E0CB7 /* asteroidsTests.xctest */;
			productType = "com.apple.product-type.bundle.unit-test";
		};
/* End PBXNativeTarget section */

/* Begin PBXProject section */
		05D8201022A29CEB000E0CB7 /* Project object */ = {
			isa = PBXProject;
			attributes = {
				LastSwiftUpdateCheck = 1010;
				LastUpgradeCheck = 1010;
				TargetAttributes = {
					05D8201722A29CEB000E0CB7 = {
						CreatedOnToolsVersion = 10.1;
					};
					05D8202B22A29CEC000E0CB7 = {
						CreatedOnToolsVersion = 10.1;
						TestTargetID = 05D8201722A29CEB000E0CB7;
					};
				};
			};
			buildConfigurationList = 05D8201322A29CEB000E0CB7 /* Build configuration list for PBXProject "asteroids" */;
			compatibilityVersion = "Xcode 9.3";
			developmentRegion = en;
			hasScannedForEncodings = 0;
			knownRegions = (
				en,
				Base,
			);
			mainGroup = 05D8200F22A29CEB000E0CB7;
			productRefGroup = 05D8201922A29CEB000E0CB7 /* Products */;
			projectDirPath = "";
			projectRoot = "";
			targets = (
				05D8201722A29CEB000E0CB7 /* asteroids */,
				05D8202B22A29CEC000E0CB7 /* asteroidsTests */,
			);
		};
/* End PBXProject section */

/* Begin PBXResourcesBuildPhase section */
		05D8201622A29CEB000E0CB7 /* Resources */ = {
			isa = PBXResourcesBuildPhase;
			buildActionMask = 2147483647;
			files = (
				05D8202622A29CEC000E0CB7 /* LaunchScreen.storyboard in Resources */,
				05D8202322A29CEC000E0CB7 /* Assets.xcassets in Resources */,
				05D8202122A29CEB000E0CB7 /* Main.storyboard in Resources */,
			);
			runOnlyForDeploymentPostprocessing = 0;
		};
		05D8202A22A29CEC000E0CB7 /* Resources */ = {
			isa = PBXResourcesBuildPhase;
			buildActionMask = 2147483647;
			files = (
			);
			runOnlyForDeploymentPostprocessing = 0;
		};
/* End PBXResourcesBuildPhase section */

/* Begin PBXShellScriptBuildPhase section */
		A266E2961392F71ECF9419B4 /* [CP] Check Pods Manifest.lock */ = {
			isa = PBXShellScriptBuildPhase;
			buildActionMask = 2147483647;
			files = (
			);
			inputFileListPaths = (
			);
			inputPaths = (
				"${PODS_PODFILE_DIR_PATH}/Podfile.lock",
				"${PODS_ROOT}/Manifest.lock",
			);
			name = "[CP] Check Pods Manifest.lock";
			outputFileListPaths = (
			);
			outputPaths = (
				"$(DERIVED_FILE_DIR)/Pods-asteroidsTests-checkManifestLockResult.txt",
			);
			runOnlyForDeploymentPostprocessing = 0;
			shellPath = /bin/sh;
			shellScript = "diff \"${PODS_PODFILE_DIR_PATH}/Podfile.lock\" \"${PODS_ROOT}/Manifest.lock\" > /dev/null\nif [ $? != 0 ] ; then\n    # print error to STDERR\n    echo \"error: The sandbox is not in sync with the Podfile.lock. Run 'pod install' or update your CocoaPods installation.\" >&2\n    exit 1\nfi\n# This output is used by Xcode 'outputs' to avoid re-running this script phase.\necho \"SUCCESS\" > \"${SCRIPT_OUTPUT_FILE_0}\"\n";
			showEnvVarsInLog = 0;
		};
		A4D99979B86547F65721C39C /* [CP] Embed Pods Frameworks */ = {
			isa = PBXShellScriptBuildPhase;
			buildActionMask = 2147483647;
			files = (
			);
			inputFileListPaths = (
				"${PODS_ROOT}/Target Support Files/Pods-asteroids/Pods-asteroids-frameworks-${CONFIGURATION}-input-files.xcfilelist",
			);
			name = "[CP] Embed Pods Frameworks";
			outputFileListPaths = (
				"${PODS_ROOT}/Target Support Files/Pods-asteroids/Pods-asteroids-frameworks-${CONFIGURATION}-output-files.xcfilelist",
			);
			runOnlyForDeploymentPostprocessing = 0;
			shellPath = /bin/sh;
			shellScript = "\"${PODS_ROOT}/Target Support Files/Pods-asteroids/Pods-asteroids-frameworks.sh\"\n";
			showEnvVarsInLog = 0;
		};
		FBBD8A9B70E4974B7D86A92E /* [CP] Check Pods Manifest.lock */ = {
			isa = PBXShellScriptBuildPhase;
			buildActionMask = 2147483647;
			files = (
			);
			inputFileListPaths = (
			);
			inputPaths = (
				"${PODS_PODFILE_DIR_PATH}/Podfile.lock",
				"${PODS_ROOT}/Manifest.lock",
			);
			name = "[CP] Check Pods Manifest.lock";
			outputFileListPaths = (
			);
			outputPaths = (
				"$(DERIVED_FILE_DIR)/Pods-asteroids-checkManifestLockResult.txt",
			);
			runOnlyForDeploymentPostprocessing = 0;
			shellPath = /bin/sh;
			shellScript = "diff \"${PODS_PODFILE_DIR_PATH}/Podfile.lock\" \"${PODS_ROOT}/Manifest.lock\" > /dev/null\nif [ $? != 0 ] ; then\n    # print error to STDERR\n    echo \"error: The sandbox is not in sync with the Podfile.lock. Run 'pod install' or update your CocoaPods installation.\" >&2\n    exit 1\nfi\n# This output is used by Xcode 'outputs' to avoid re-running this script phase.\necho \"SUCCESS\" > \"${SCRIPT_OUTPUT_FILE_0}\"\n";
			showEnvVarsInLog = 0;
		};
/* End PBXShellScriptBuildPhase section */

/* Begin PBXSourcesBuildPhase section */
		05D8201422A29CEB000E0CB7 /* Sources */ = {
			isa = PBXSourcesBuildPhase;
			buildActionMask = 2147483647;
			files = (
				05181A2722ABBD0F009DD6BF /* URLComponentsValidator.swift in Sources */,
				050601D222A43EEA00EE760C /* DateFactoryImpl.swift in Sources */,
				056A3AF122AD3D4800F60225 /* DateHeader.swift in Sources */,
				051819FE22A930E0009DD6BF /* CameraElement.swift in Sources */,
				05181A3F22ABCC49009DD6BF /* URLSessionValidator.swift in Sources */,
				056A3AEF22AD1BC800F60225 /* DateCell.swift in Sources */,
				056A3AF522AF055300F60225 /* NotificationExt.swift in Sources */,
				05181A0822A95276009DD6BF /* NearEarthObject.swift in Sources */,
				05181A1C22AA8308009DD6BF /* QueryType.swift in Sources */,
				050601E922A84B3D00EE760C /* Serializer.swift in Sources */,
				05181A3B22ABCAF0009DD6BF /* EntityValidator.swift in Sources */,
				05181A2322AA8C6A009DD6BF /* DateParserValidatorImpl.swift in Sources */,
				05181A3922ABC8EE009DD6BF /* DateParser.swift in Sources */,
				056A3AF722AF0BDB00F60225 /* PopoverAdaptation.swift in Sources */,
				05414B8822B0FAE200307903 /* UIViewControllerFactoryImpl.swift in Sources */,
				056A3B0022AF12C200F60225 /* JTAppleCalendarViewDelegateExt.swift in Sources */,
				05181A1022A9533D009DD6BF /* RelativeVelocity.swift in Sources */,
				05181A3D22ABCB2B009DD6BF /* EntityValidatorImpl.swift in Sources */,
				05414B9322B1063C00307903 /* ImageDownloadService.swift in Sources */,
				050601E022A664E400EE760C /* NASADownloadService.swift in Sources */,
				05181A4322ABEE81009DD6BF /* PictureOfTheDayViewContoller.swift in Sources */,
				05181A5322AC2A3F009DD6BF /* SearchDatePopover.swift in Sources */,
				05181A2D22ABC0B2009DD6BF /* DateParserValidator.swift in Sources */,
				051819F622A92FFA009DD6BF /* MarsPhotosRoot.swift in Sources */,
				05414B8C22B0FD1700307903 /* UIViewControllerValidatorImpl.swift in Sources */,
				05181A4522ABEEA0009DD6BF /* MarsPhotosCollectionViewController.swift in Sources */,
				050601E722A84A0900EE760C /* JSONSerializer.swift in Sources */,
				05181A2922ABBF46009DD6BF /* URLComponentsProvider.swift in Sources */,
				05414B9522B1069100307903 /* ImageDownloadServiceImpl.swift in Sources */,
				05181A0A22A952BD009DD6BF /* CloseApproachDatum.swift in Sources */,
				05D8201E22A29CEB000E0CB7 /* ViewController.swift in Sources */,
				05181A4722ABEECE009DD6BF /* TableViewController.swift in Sources */,
				050601D922A6636D00EE760C /* URLComponentsProviderImpl.swift in Sources */,
				056A3AFE22AF123F00F60225 /* JTAppleCalendarConfigurator.swift in Sources */,
				051819F822A9303D009DD6BF /* Photo.swift in Sources */,
				05181A0622A95237009DD6BF /* ClosestAsteroidsLinks.swift in Sources */,
				05181A4122ABCCE0009DD6BF /* URLSessionValidatorImpl.swift in Sources */,
				050601D522A662C200EE760C /* DateParserImpl.swift in Sources */,
				05181A2B22ABBFE4009DD6BF /* URLQueryItemProvider.swift in Sources */,
				05181A3522ABC541009DD6BF /* URLValidatorImpl.swift in Sources */,
				0503A39F22B50B80001D3347 /* MarsPhotosCollectionViewCell.swift in Sources */,
				05181A4F22AC0D0E009DD6BF /* PictureOfTheDaySecondViewPage.swift in Sources */,
				05181A3322ABC511009DD6BF /* URLValidator.swift in Sources */,
				05181A2F22ABC107009DD6BF /* DateValidator.swift in Sources */,
				05A55E7222B5524700224354 /* MarsPhoto.swift in Sources */,
				051819FC22A930A5009DD6BF /* Rover.swift in Sources */,
				05181A0C22A952E1009DD6BF /* MissDistance.swift in Sources */,
				05181A4B22AC0740009DD6BF /* MainScreenViewController.swift in Sources */,
				05D8201C22A29CEB000E0CB7 /* AppDelegate.swift in Sources */,
				05181A1A22AA8030009DD6BF /* URLQueryItemProviderImpl.swift in Sources */,
				051819FA22A93064009DD6BF /* PhotoCamera.swift in Sources */,
				05181A3722ABC7A5009DD6BF /* DateFactory.swift in Sources */,
				05181A1622A953C8009DD6BF /* NearEarthObjectLinks.swift in Sources */,
				05181A3122ABC151009DD6BF /* URLFactory.swift in Sources */,
				05414B8622B0FA9000307903 /* UIViewControllerFactory.swift in Sources */,
				0577A90622A3254600870FED /* PictureOfTheDay.swift in Sources */,
				05181A0422A95205009DD6BF /* ClosestAsteroidsRoot.swift in Sources */,
				050601DE22A6649500EE760C /* DataDownloadService.swift in Sources */,
				05181A4D22AC0CFF009DD6BF /* PictureOfTheDayFirstViewPage.swift in Sources */,
				05181A2522AA8D3C009DD6BF /* DateValidatorImpl.swift in Sources */,
				05181A1222A9536F009DD6BF /* EstimatedDiameter.swift in Sources */,
				05181A1422A9539B009DD6BF /* Feet.swift in Sources */,
				05181A2022AA8A85009DD6BF /* URLComponentsValidatorImpl.swift in Sources */,
				056A3AF922AF0CA700F60225 /* PictureOfTheDayViewControllerPaging.swift in Sources */,
				05414B8A22B0FC3A00307903 /* UIViewControllerValidator.swift in Sources */,
				0577A90922A327E200870FED /* URLFactoryImpl.swift in Sources */,
				05181A0E22A95317009DD6BF /* OrbitingBody.swift in Sources */,
			);
			runOnlyForDeploymentPostprocessing = 0;
		};
		05D8202822A29CEC000E0CB7 /* Sources */ = {
			isa = PBXSourcesBuildPhase;
			buildActionMask = 2147483647;
			files = (
				05D8203122A29CEC000E0CB7 /* asteroidsTests.swift in Sources */,
			);
			runOnlyForDeploymentPostprocessing = 0;
		};
/* End PBXSourcesBuildPhase section */

/* Begin PBXTargetDependency section */
		05D8202E22A29CEC000E0CB7 /* PBXTargetDependency */ = {
			isa = PBXTargetDependency;
			target = 05D8201722A29CEB000E0CB7 /* asteroids */;
			targetProxy = 05D8202D22A29CEC000E0CB7 /* PBXContainerItemProxy */;
		};
/* End PBXTargetDependency section */

/* Begin PBXVariantGroup section */
		05D8201F22A29CEB000E0CB7 /* Main.storyboard */ = {
			isa = PBXVariantGroup;
			children = (
				05D8202022A29CEB000E0CB7 /* Base */,
			);
			name = Main.storyboard;
			sourceTree = "<group>";
		};
		05D8202422A29CEC000E0CB7 /* LaunchScreen.storyboard */ = {
			isa = PBXVariantGroup;
			children = (
				05D8202522A29CEC000E0CB7 /* Base */,
			);
			name = LaunchScreen.storyboard;
			sourceTree = "<group>";
		};
/* End PBXVariantGroup section */

/* Begin XCBuildConfiguration section */
		05D8203322A29CEC000E0CB7 /* Debug */ = {
			isa = XCBuildConfiguration;
			buildSettings = {
				ALWAYS_SEARCH_USER_PATHS = NO;
				CLANG_ANALYZER_NONNULL = YES;
				CLANG_ANALYZER_NUMBER_OBJECT_CONVERSION = YES_AGGRESSIVE;
				CLANG_CXX_LANGUAGE_STANDARD = "gnu++14";
				CLANG_CXX_LIBRARY = "libc++";
				CLANG_ENABLE_MODULES = YES;
				CLANG_ENABLE_OBJC_ARC = YES;
				CLANG_ENABLE_OBJC_WEAK = YES;
				CLANG_WARN_BLOCK_CAPTURE_AUTORELEASING = YES;
				CLANG_WARN_BOOL_CONVERSION = YES;
				CLANG_WARN_COMMA = YES;
				CLANG_WARN_CONSTANT_CONVERSION = YES;
				CLANG_WARN_DEPRECATED_OBJC_IMPLEMENTATIONS = YES;
				CLANG_WARN_DIRECT_OBJC_ISA_USAGE = YES_ERROR;
				CLANG_WARN_DOCUMENTATION_COMMENTS = YES;
				CLANG_WARN_EMPTY_BODY = YES;
				CLANG_WARN_ENUM_CONVERSION = YES;
				CLANG_WARN_INFINITE_RECURSION = YES;
				CLANG_WARN_INT_CONVERSION = YES;
				CLANG_WARN_NON_LITERAL_NULL_CONVERSION = YES;
				CLANG_WARN_OBJC_IMPLICIT_RETAIN_SELF = YES;
				CLANG_WARN_OBJC_LITERAL_CONVERSION = YES;
				CLANG_WARN_OBJC_ROOT_CLASS = YES_ERROR;
				CLANG_WARN_RANGE_LOOP_ANALYSIS = YES;
				CLANG_WARN_STRICT_PROTOTYPES = YES;
				CLANG_WARN_SUSPICIOUS_MOVE = YES;
				CLANG_WARN_UNGUARDED_AVAILABILITY = YES_AGGRESSIVE;
				CLANG_WARN_UNREACHABLE_CODE = YES;
				CLANG_WARN__DUPLICATE_METHOD_MATCH = YES;
				CODE_SIGN_IDENTITY = "iPhone Developer";
				COPY_PHASE_STRIP = NO;
				DEBUG_INFORMATION_FORMAT = dwarf;
				ENABLE_STRICT_OBJC_MSGSEND = YES;
				ENABLE_TESTABILITY = YES;
				GCC_C_LANGUAGE_STANDARD = gnu11;
				GCC_DYNAMIC_NO_PIC = NO;
				GCC_NO_COMMON_BLOCKS = YES;
				GCC_OPTIMIZATION_LEVEL = 0;
				GCC_PREPROCESSOR_DEFINITIONS = (
					"DEBUG=1",
					"$(inherited)",
				);
				GCC_WARN_64_TO_32_BIT_CONVERSION = YES;
				GCC_WARN_ABOUT_RETURN_TYPE = YES_ERROR;
				GCC_WARN_UNDECLARED_SELECTOR = YES;
				GCC_WARN_UNINITIALIZED_AUTOS = YES_AGGRESSIVE;
				GCC_WARN_UNUSED_FUNCTION = YES;
				GCC_WARN_UNUSED_VARIABLE = YES;
				IPHONEOS_DEPLOYMENT_TARGET = 12.1;
				MTL_ENABLE_DEBUG_INFO = INCLUDE_SOURCE;
				MTL_FAST_MATH = YES;
				ONLY_ACTIVE_ARCH = YES;
				SDKROOT = iphoneos;
				SWIFT_ACTIVE_COMPILATION_CONDITIONS = DEBUG;
				SWIFT_OPTIMIZATION_LEVEL = "-Onone";
			};
			name = Debug;
		};
		05D8203422A29CEC000E0CB7 /* Release */ = {
			isa = XCBuildConfiguration;
			buildSettings = {
				ALWAYS_SEARCH_USER_PATHS = NO;
				CLANG_ANALYZER_NONNULL = YES;
				CLANG_ANALYZER_NUMBER_OBJECT_CONVERSION = YES_AGGRESSIVE;
				CLANG_CXX_LANGUAGE_STANDARD = "gnu++14";
				CLANG_CXX_LIBRARY = "libc++";
				CLANG_ENABLE_MODULES = YES;
				CLANG_ENABLE_OBJC_ARC = YES;
				CLANG_ENABLE_OBJC_WEAK = YES;
				CLANG_WARN_BLOCK_CAPTURE_AUTORELEASING = YES;
				CLANG_WARN_BOOL_CONVERSION = YES;
				CLANG_WARN_COMMA = YES;
				CLANG_WARN_CONSTANT_CONVERSION = YES;
				CLANG_WARN_DEPRECATED_OBJC_IMPLEMENTATIONS = YES;
				CLANG_WARN_DIRECT_OBJC_ISA_USAGE = YES_ERROR;
				CLANG_WARN_DOCUMENTATION_COMMENTS = YES;
				CLANG_WARN_EMPTY_BODY = YES;
				CLANG_WARN_ENUM_CONVERSION = YES;
				CLANG_WARN_INFINITE_RECURSION = YES;
				CLANG_WARN_INT_CONVERSION = YES;
				CLANG_WARN_NON_LITERAL_NULL_CONVERSION = YES;
				CLANG_WARN_OBJC_IMPLICIT_RETAIN_SELF = YES;
				CLANG_WARN_OBJC_LITERAL_CONVERSION = YES;
				CLANG_WARN_OBJC_ROOT_CLASS = YES_ERROR;
				CLANG_WARN_RANGE_LOOP_ANALYSIS = YES;
				CLANG_WARN_STRICT_PROTOTYPES = YES;
				CLANG_WARN_SUSPICIOUS_MOVE = YES;
				CLANG_WARN_UNGUARDED_AVAILABILITY = YES_AGGRESSIVE;
				CLANG_WARN_UNREACHABLE_CODE = YES;
				CLANG_WARN__DUPLICATE_METHOD_MATCH = YES;
				CODE_SIGN_IDENTITY = "iPhone Developer";
				COPY_PHASE_STRIP = NO;
				DEBUG_INFORMATION_FORMAT = "dwarf-with-dsym";
				ENABLE_NS_ASSERTIONS = NO;
				ENABLE_STRICT_OBJC_MSGSEND = YES;
				GCC_C_LANGUAGE_STANDARD = gnu11;
				GCC_NO_COMMON_BLOCKS = YES;
				GCC_WARN_64_TO_32_BIT_CONVERSION = YES;
				GCC_WARN_ABOUT_RETURN_TYPE = YES_ERROR;
				GCC_WARN_UNDECLARED_SELECTOR = YES;
				GCC_WARN_UNINITIALIZED_AUTOS = YES_AGGRESSIVE;
				GCC_WARN_UNUSED_FUNCTION = YES;
				GCC_WARN_UNUSED_VARIABLE = YES;
				IPHONEOS_DEPLOYMENT_TARGET = 12.1;
				MTL_ENABLE_DEBUG_INFO = NO;
				MTL_FAST_MATH = YES;
				SDKROOT = iphoneos;
				SWIFT_COMPILATION_MODE = wholemodule;
				SWIFT_OPTIMIZATION_LEVEL = "-O";
				VALIDATE_PRODUCT = YES;
			};
			name = Release;
		};
		05D8203622A29CEC000E0CB7 /* Debug */ = {
			isa = XCBuildConfiguration;
			baseConfigurationReference = 4B9B6FBD6AE39DC99792F40B /* Pods-asteroids.debug.xcconfig */;
			buildSettings = {
				ASSETCATALOG_COMPILER_APPICON_NAME = AppIcon;
				CODE_SIGN_STYLE = Automatic;
				DEVELOPMENT_TEAM = 76RC32QV5W;
				INFOPLIST_FILE = asteroids/Info.plist;
				IPHONEOS_DEPLOYMENT_TARGET = 10.0;
				LD_RUNPATH_SEARCH_PATHS = (
					"$(inherited)",
					"@executable_path/Frameworks",
				);
				PRODUCT_BUNDLE_IDENTIFIER = com.lapwingg.asteroids;
				PRODUCT_NAME = "$(TARGET_NAME)";
				SWIFT_VERSION = 4.2;
				TARGETED_DEVICE_FAMILY = "1,2";
			};
			name = Debug;
		};
		05D8203722A29CEC000E0CB7 /* Release */ = {
			isa = XCBuildConfiguration;
			baseConfigurationReference = 29D5F70EBB3D99BF4FE3505A /* Pods-asteroids.release.xcconfig */;
			buildSettings = {
				ASSETCATALOG_COMPILER_APPICON_NAME = AppIcon;
				CODE_SIGN_STYLE = Automatic;
				DEVELOPMENT_TEAM = 76RC32QV5W;
				INFOPLIST_FILE = asteroids/Info.plist;
				IPHONEOS_DEPLOYMENT_TARGET = 10.0;
				LD_RUNPATH_SEARCH_PATHS = (
					"$(inherited)",
					"@executable_path/Frameworks",
				);
				PRODUCT_BUNDLE_IDENTIFIER = com.lapwingg.asteroids;
				PRODUCT_NAME = "$(TARGET_NAME)";
				SWIFT_VERSION = 4.2;
				TARGETED_DEVICE_FAMILY = "1,2";
			};
			name = Release;
		};
		05D8203922A29CEC000E0CB7 /* Debug */ = {
			isa = XCBuildConfiguration;
			baseConfigurationReference = 986F08745848876009993EA0 /* Pods-asteroidsTests.debug.xcconfig */;
			buildSettings = {
				ALWAYS_EMBED_SWIFT_STANDARD_LIBRARIES = YES;
				BUNDLE_LOADER = "$(TEST_HOST)";
				CODE_SIGN_STYLE = Automatic;
				DEVELOPMENT_TEAM = 76RC32QV5W;
				INFOPLIST_FILE = asteroidsTests/Info.plist;
				LD_RUNPATH_SEARCH_PATHS = (
					"$(inherited)",
					"@executable_path/Frameworks",
					"@loader_path/Frameworks",
				);
				PRODUCT_BUNDLE_IDENTIFIER = com.lapwingg.asteroidsTests;
				PRODUCT_NAME = "$(TARGET_NAME)";
				SWIFT_VERSION = 4.2;
				TARGETED_DEVICE_FAMILY = "1,2";
				TEST_HOST = "$(BUILT_PRODUCTS_DIR)/asteroids.app/asteroids";
			};
			name = Debug;
		};
		05D8203A22A29CEC000E0CB7 /* Release */ = {
			isa = XCBuildConfiguration;
			baseConfigurationReference = 8347D0E05A6FDF476DAB398C /* Pods-asteroidsTests.release.xcconfig */;
			buildSettings = {
				ALWAYS_EMBED_SWIFT_STANDARD_LIBRARIES = YES;
				BUNDLE_LOADER = "$(TEST_HOST)";
				CODE_SIGN_STYLE = Automatic;
				DEVELOPMENT_TEAM = 76RC32QV5W;
				INFOPLIST_FILE = asteroidsTests/Info.plist;
				LD_RUNPATH_SEARCH_PATHS = (
					"$(inherited)",
					"@executable_path/Frameworks",
					"@loader_path/Frameworks",
				);
				PRODUCT_BUNDLE_IDENTIFIER = com.lapwingg.asteroidsTests;
				PRODUCT_NAME = "$(TARGET_NAME)";
				SWIFT_VERSION = 4.2;
				TARGETED_DEVICE_FAMILY = "1,2";
				TEST_HOST = "$(BUILT_PRODUCTS_DIR)/asteroids.app/asteroids";
			};
			name = Release;
		};
/* End XCBuildConfiguration section */

/* Begin XCConfigurationList section */
		05D8201322A29CEB000E0CB7 /* Build configuration list for PBXProject "asteroids" */ = {
			isa = XCConfigurationList;
			buildConfigurations = (
				05D8203322A29CEC000E0CB7 /* Debug */,
				05D8203422A29CEC000E0CB7 /* Release */,
			);
			defaultConfigurationIsVisible = 0;
			defaultConfigurationName = Release;
		};
		05D8203522A29CEC000E0CB7 /* Build configuration list for PBXNativeTarget "asteroids" */ = {
			isa = XCConfigurationList;
			buildConfigurations = (
				05D8203622A29CEC000E0CB7 /* Debug */,
				05D8203722A29CEC000E0CB7 /* Release */,
			);
			defaultConfigurationIsVisible = 0;
			defaultConfigurationName = Release;
		};
		05D8203822A29CEC000E0CB7 /* Build configuration list for PBXNativeTarget "asteroidsTests" */ = {
			isa = XCConfigurationList;
			buildConfigurations = (
				05D8203922A29CEC000E0CB7 /* Debug */,
				05D8203A22A29CEC000E0CB7 /* Release */,
			);
			defaultConfigurationIsVisible = 0;
			defaultConfigurationName = Release;
		};
/* End XCConfigurationList section */
	};
	rootObject = 05D8201022A29CEB000E0CB7 /* Project object */;
}
